
Microsoft Visual Studio Solution File, Format Version 12.00
# Visual Studio Version 17
VisualStudioVersion = 17.3.32825.248
MinimumVisualStudioVersion = 10.0.40219.1
Project("{FAE04EC0-301F-11D3-BF4B-00C04F79EFBC}") = "Better ERD", "Better ERD\Better ERD.csproj", "{FA602BB3-DD6E-452E-AB31-B9594AC6440F}"
EndProject
Global
	GlobalSection(SolutionConfigurationPlatforms) = preSolution
		Debug|Any CPU = Debug|Any CPU
		Release|Any CPU = Release|Any CPU
	EndGlobalSection
	GlobalSection(ProjectConfigurationPlatforms) = postSolution
		{FA602BB3-DD6E-452E-AB31-B9594AC6440F}.Debug|Any CPU.ActiveCfg = Debug|Any CPU
		{FA602BB3-DD6E-452E-AB31-B9594AC6440F}.Debug|Any CPU.Build.0 = Debug|Any CPU
		{FA602BB3-DD6E-452E-AB31-B9594AC6440F}.Release|Any CPU.ActiveCfg = Release|Any CPU
		{FA602BB3-DD6E-452E-AB31-B9594AC6440F}.Release|Any CPU.Build.0 = Release|Any CPU
	EndGlobalSection
	GlobalSection(SolutionProperties) = preSolution
		HideSolutionNode = FALSE
	EndGlobalSection
	GlobalSection(ExtensibilityGlobals) = postSolution
		SolutionGuid = {0A631011-E679-42F9-B6EE-A75CF46DD139}
	EndGlobalSection
EndGlobal
